
Microsoft Visual Studio Solution File, Format Version 12.00
# Visual Studio Version 17
VisualStudioVersion = 17.3.32714.290
MinimumVisualStudioVersion = 10.0.40219.1
Project("{9A19103F-16F7-4668-BE54-9A1E7A4F7556}") = "urlshortener.api", "urlshortener.api\urlshortener.api.csproj", "{A71CF419-ADA2-40AC-8EF3-DC419F1A3FE3}"
EndProject
Global
	GlobalSection(SolutionConfigurationPlatforms) = preSolution
		Debug|Any CPU = Debug|Any CPU
		Release|Any CPU = Release|Any CPU
	EndGlobalSection
	GlobalSection(ProjectConfigurationPlatforms) = postSolution
		{A71CF419-ADA2-40AC-8EF3-DC419F1A3FE3}.Debug|Any CPU.ActiveCfg = Debug|Any CPU
		{A71CF419-ADA2-40AC-8EF3-DC419F1A3FE3}.Debug|Any CPU.Build.0 = Debug|Any CPU
		{A71CF419-ADA2-40AC-8EF3-DC419F1A3FE3}.Release|Any CPU.ActiveCfg = Release|Any CPU
		{A71CF419-ADA2-40AC-8EF3-DC419F1A3FE3}.Release|Any CPU.Build.0 = Release|Any CPU
	EndGlobalSection
	GlobalSection(SolutionProperties) = preSolution
		HideSolutionNode = FALSE
	EndGlobalSection
	GlobalSection(ExtensibilityGlobals) = postSolution
		SolutionGuid = {641CC349-2590-48BE-AC58-7A64C581D8B8}
	EndGlobalSection
EndGlobal
